// !$*UTF8*$!
{
	archiveVersion = 1;
	classes = {
	};
	objectVersion = 46;
	objects = {

/* Begin PBXBuildFile section */
		D15503321BBE3E480068AEA5 /* triangles.cpp in Sources */ = {isa = PBXBuildFile; fileRef = D15503311BBE3E480068AEA5 /* triangles.cpp */; };
		D155034B1BBE50FD0068AEA5 /* triangles.frag in CopyFiles */ = {isa = PBXBuildFile; fileRef = D15503431BBE470F0068AEA5 /* triangles.frag */; };
		D155034C1BBE51010068AEA5 /* triangles.vert in CopyFiles */ = {isa = PBXBuildFile; fileRef = D15503441BBE470F0068AEA5 /* triangles.vert */; };
		D1A1CC721BBE707500E332A0 /* libfreeimage.3.17.0.dylib in Frameworks */ = {isa = PBXBuildFile; fileRef = D1A1CC6F1BBE707500E332A0 /* libfreeimage.3.17.0.dylib */; settings = {ASSET_TAGS = (); }; };
		D1A1CC731BBE707500E332A0 /* libGLEW.1.12.0.dylib in Frameworks */ = {isa = PBXBuildFile; fileRef = D1A1CC701BBE707500E332A0 /* libGLEW.1.12.0.dylib */; settings = {ASSET_TAGS = (); }; };
		D1A1CC7F1BBE773800E332A0 /* OpenGL.framework in Frameworks */ = {isa = PBXBuildFile; fileRef = D1A1CC7E1BBE773800E332A0 /* OpenGL.framework */; };
		D1A1CC821BBE782900E332A0 /* texture.png in CopyFiles */ = {isa = PBXBuildFile; fileRef = D1A1CC811BBE781C00E332A0 /* texture.png */; };
		D1A1CC8D1BBE901100E332A0 /* libglfw3.3.1.dylib in Frameworks */ = {isa = PBXBuildFile; fileRef = D1A1CC8C1BBE901100E332A0 /* libglfw3.3.1.dylib */; };
		D1A1CCA81BBE9F9100E332A0 /* LoadShaders.cpp in Sources */ = {isa = PBXBuildFile; fileRef = D1A1CCA71BBE9F9100E332A0 /* LoadShaders.cpp */; settings = {ASSET_TAGS = (); }; };
/* End PBXBuildFile section */

/* Begin PBXCopyFilesBuildPhase section */
		D155032C1BBE3E480068AEA5 /* CopyFiles */ = {
			isa = PBXCopyFilesBuildPhase;
			buildActionMask = 12;
			dstPath = resources;
			dstSubfolderSpec = 7;
			files = (
				D1A1CC821BBE782900E332A0 /* texture.png in CopyFiles */,
				D155034C1BBE51010068AEA5 /* triangles.vert in CopyFiles */,
				D155034B1BBE50FD0068AEA5 /* triangles.frag in CopyFiles */,
			);
			runOnlyForDeploymentPostprocessing = 0;
		};
/* End PBXCopyFilesBuildPhase section */

/* Begin PBXFileReference section */
		D155032E1BBE3E480068AEA5 /* Triangles */ = {isa = PBXFileReference; explicitFileType = "compiled.mach-o.executable"; includeInIndex = 0; path = Triangles; sourceTree = BUILT_PRODUCTS_DIR; };
		D15503311BBE3E480068AEA5 /* triangles.cpp */ = {isa = PBXFileReference; lastKnownFileType = sourcecode.cpp.cpp; path = triangles.cpp; sourceTree = "<group>"; };
		D15503431BBE470F0068AEA5 /* triangles.frag */ = {isa = PBXFileReference; explicitFileType = sourcecode.glsl; path = triangles.frag; sourceTree = "<group>"; };
		D15503441BBE470F0068AEA5 /* triangles.vert */ = {isa = PBXFileReference; explicitFileType = sourcecode.glsl; path = triangles.vert; sourceTree = "<group>"; };
		D1A1CC6F1BBE707500E332A0 /* libfreeimage.3.17.0.dylib */ = {isa = PBXFileReference; lastKnownFileType = "compiled.mach-o.dylib"; path = libfreeimage.3.17.0.dylib; sourceTree = "<group>"; };
		D1A1CC701BBE707500E332A0 /* libGLEW.1.12.0.dylib */ = {isa = PBXFileReference; lastKnownFileType = "compiled.mach-o.dylib"; path = libGLEW.1.12.0.dylib; sourceTree = "<group>"; };
		D1A1CC761BBE708300E332A0 /* FreeImage.h */ = {isa = PBXFileReference; fileEncoding = 4; lastKnownFileType = sourcecode.c.h; path = FreeImage.h; sourceTree = "<group>"; };
		D1A1CC781BBE708300E332A0 /* glew.h */ = {isa = PBXFileReference; fileEncoding = 4; lastKnownFileType = sourcecode.c.h; path = glew.h; sourceTree = "<group>"; };
		D1A1CC791BBE708300E332A0 /* glxew.h */ = {isa = PBXFileReference; fileEncoding = 4; lastKnownFileType = sourcecode.c.h; path = glxew.h; sourceTree = "<group>"; };
		D1A1CC7A1BBE708300E332A0 /* wglew.h */ = {isa = PBXFileReference; fileEncoding = 4; lastKnownFileType = sourcecode.c.h; path = wglew.h; sourceTree = "<group>"; };
		D1A1CC7E1BBE773800E332A0 /* OpenGL.framework */ = {isa = PBXFileReference; lastKnownFileType = wrapper.framework; name = OpenGL.framework; path = System/Library/Frameworks/OpenGL.framework; sourceTree = SDKROOT; };
		D1A1CC811BBE781C00E332A0 /* texture.png */ = {isa = PBXFileReference; lastKnownFileType = image.png; path = texture.png; sourceTree = "<group>"; };
		D1A1CC8A1BBE8FDD00E332A0 /* glfw3.h */ = {isa = PBXFileReference; fileEncoding = 4; lastKnownFileType = sourcecode.c.h; path = glfw3.h; sourceTree = "<group>"; };
		D1A1CC8B1BBE8FDD00E332A0 /* glfw3native.h */ = {isa = PBXFileReference; fileEncoding = 4; lastKnownFileType = sourcecode.c.h; path = glfw3native.h; sourceTree = "<group>"; };
		D1A1CC8C1BBE901100E332A0 /* libglfw3.3.1.dylib */ = {isa = PBXFileReference; lastKnownFileType = "compiled.mach-o.dylib"; path = libglfw3.3.1.dylib; sourceTree = "<group>"; };
		D1A1CCA51BBE9EC300E332A0 /* LoadShaders.h */ = {isa = PBXFileReference; fileEncoding = 4; lastKnownFileType = sourcecode.c.h; path = LoadShaders.h; sourceTree = "<group>"; };
		D1A1CCA61BBE9F2F00E332A0 /* vgl.h */ = {isa = PBXFileReference; fileEncoding = 4; lastKnownFileType = sourcecode.c.h; path = vgl.h; sourceTree = "<group>"; };
		D1A1CCA71BBE9F9100E332A0 /* LoadShaders.cpp */ = {isa = PBXFileReference; fileEncoding = 4; lastKnownFileType = sourcecode.cpp.cpp; path = LoadShaders.cpp; sourceTree = "<group>"; };
/* End PBXFileReference section */

/* Begin PBXFrameworksBuildPhase section */
		D155032B1BBE3E480068AEA5 /* Frameworks */ = {
			isa = PBXFrameworksBuildPhase;
			buildActionMask = 2147483647;
			files = (
				D1A1CC8D1BBE901100E332A0 /* libglfw3.3.1.dylib in Frameworks */,
				D1A1CC7F1BBE773800E332A0 /* OpenGL.framework in Frameworks */,
				D1A1CC731BBE707500E332A0 /* libGLEW.1.12.0.dylib in Frameworks */,
				D1A1CC721BBE707500E332A0 /* libfreeimage.3.17.0.dylib in Frameworks */,
			);
			runOnlyForDeploymentPostprocessing = 0;
		};
/* End PBXFrameworksBuildPhase section */

/* Begin PBXGroup section */
		D15503251BBE3E480068AEA5 = {
			isa = PBXGroup;
			children = (
				D1A1CC801BBE781C00E332A0 /* resources */,
				D1A1CC751BBE708300E332A0 /* include */,
				D1A1CC6E1BBE707500E332A0 /* lib */,
				D15503421BBE46E60068AEA5 /* shaders */,
				D15503301BBE3E480068AEA5 /* src */,
				D155032F1BBE3E480068AEA5 /* Products */,
			);
			sourceTree = "<group>";
		};
		D155032F1BBE3E480068AEA5 /* Products */ = {
			isa = PBXGroup;
			children = (
				D155032E1BBE3E480068AEA5 /* Triangles */,
			);
			name = Products;
			sourceTree = "<group>";
		};
		D15503301BBE3E480068AEA5 /* src */ = {
			isa = PBXGroup;
			children = (
				D1A1CCA61BBE9F2F00E332A0 /* vgl.h */,
				D1A1CCA51BBE9EC300E332A0 /* LoadShaders.h */,
				D1A1CCA71BBE9F9100E332A0 /* LoadShaders.cpp */,
				D15503311BBE3E480068AEA5 /* triangles.cpp */,
			);
			path = src;
			sourceTree = "<group>";
		};
		D15503421BBE46E60068AEA5 /* shaders */ = {
			isa = PBXGroup;
			children = (
				D15503431BBE470F0068AEA5 /* triangles.frag */,
				D15503441BBE470F0068AEA5 /* triangles.vert */,
			);
			name = shaders;
			path = src;
			sourceTree = "<group>";
		};
		D1A1CC6E1BBE707500E332A0 /* lib */ = {
			isa = PBXGroup;
			children = (
				D1A1CC8C1BBE901100E332A0 /* libglfw3.3.1.dylib */,
				D1A1CC7E1BBE773800E332A0 /* OpenGL.framework */,
				D1A1CC6F1BBE707500E332A0 /* libfreeimage.3.17.0.dylib */,
				D1A1CC701BBE707500E332A0 /* libGLEW.1.12.0.dylib */,
			);
			path = lib;
			sourceTree = "<group>";
		};
		D1A1CC751BBE708300E332A0 /* include */ = {
			isa = PBXGroup;
			children = (
				D1A1CC891BBE8FDD00E332A0 /* GLFW */,
				D1A1CC761BBE708300E332A0 /* FreeImage.h */,
				D1A1CC771BBE708300E332A0 /* GL */,
			);
			path = include;
			sourceTree = "<group>";
		};
		D1A1CC771BBE708300E332A0 /* GL */ = {
			isa = PBXGroup;
			children = (
				D1A1CC781BBE708300E332A0 /* glew.h */,
				D1A1CC791BBE708300E332A0 /* glxew.h */,
				D1A1CC7A1BBE708300E332A0 /* wglew.h */,
			);
			path = GL;
			sourceTree = "<group>";
		};
		D1A1CC801BBE781C00E332A0 /* resources */ = {
			isa = PBXGroup;
			children = (
				D1A1CC811BBE781C00E332A0 /* texture.png */,
			);
			path = resources;
			sourceTree = "<group>";
		};
		D1A1CC891BBE8FDD00E332A0 /* GLFW */ = {
			isa = PBXGroup;
			children = (
				D1A1CC8A1BBE8FDD00E332A0 /* glfw3.h */,
				D1A1CC8B1BBE8FDD00E332A0 /* glfw3native.h */,
			);
			path = GLFW;
			sourceTree = "<group>";
		};
/* End PBXGroup section */

/* Begin PBXNativeTarget section */
		D155032D1BBE3E480068AEA5 /* Triangles */ = {
			isa = PBXNativeTarget;
			buildConfigurationList = D15503351BBE3E480068AEA5 /* Build configuration list for PBXNativeTarget "Triangles" */;
			buildPhases = (
				D155032A1BBE3E480068AEA5 /* Sources */,
				D155032B1BBE3E480068AEA5 /* Frameworks */,
				D155032C1BBE3E480068AEA5 /* CopyFiles */,
			);
			buildRules = (
			);
			dependencies = (
			);
			name = Triangles;
			productName = glfw_traingles;
			productReference = D155032E1BBE3E480068AEA5 /* Triangles */;
			productType = "com.apple.product-type.tool";
		};
/* End PBXNativeTarget section */

/* Begin PBXProject section */
		D15503261BBE3E480068AEA5 /* Project object */ = {
			isa = PBXProject;
			attributes = {
				KnownAssetTags = (
					New,
				);
				LastUpgradeCheck = 0700;
				ORGANIZATIONNAME = "Kirill Kravinsky";
				TargetAttributes = {
					D155032D1BBE3E480068AEA5 = {
						CreatedOnToolsVersion = 7.0.1;
					};
				};
			};
			buildConfigurationList = D15503291BBE3E480068AEA5 /* Build configuration list for PBXProject "Triangles" */;
			compatibilityVersion = "Xcode 3.2";
			developmentRegion = English;
			hasScannedForEncodings = 0;
			knownRegions = (
				en,
			);
			mainGroup = D15503251BBE3E480068AEA5;
			productRefGroup = D155032F1BBE3E480068AEA5 /* Products */;
			projectDirPath = "";
			projectRoot = "";
			targets = (
				D155032D1BBE3E480068AEA5 /* Triangles */,
			);
		};
/* End PBXProject section */

/* Begin PBXSourcesBuildPhase section */
		D155032A1BBE3E480068AEA5 /* Sources */ = {
			isa = PBXSourcesBuildPhase;
			buildActionMask = 2147483647;
			files = (
				D1A1CCA81BBE9F9100E332A0 /* LoadShaders.cpp in Sources */,
				D15503321BBE3E480068AEA5 /* triangles.cpp in Sources */,
			);
			runOnlyForDeploymentPostprocessing = 0;
		};
/* End PBXSourcesBuildPhase section */

/* Begin XCBuildConfiguration section */
		D15503331BBE3E480068AEA5 /* Debug */ = {
			isa = XCBuildConfiguration;
			buildSettings = {
				ALWAYS_SEARCH_USER_PATHS = NO;
				CLANG_CXX_LANGUAGE_STANDARD = "gnu++0x";
				CLANG_CXX_LIBRARY = "libc++";
				CLANG_ENABLE_MODULES = YES;
				CLANG_ENABLE_OBJC_ARC = YES;
				CLANG_WARN_BOOL_CONVERSION = YES;
				CLANG_WARN_CONSTANT_CONVERSION = YES;
				CLANG_WARN_DIRECT_OBJC_ISA_USAGE = YES_ERROR;
				CLANG_WARN_EMPTY_BODY = YES;
				CLANG_WARN_ENUM_CONVERSION = YES;
				CLANG_WARN_INT_CONVERSION = YES;
				CLANG_WARN_OBJC_ROOT_CLASS = YES_ERROR;
				CLANG_WARN_UNREACHABLE_CODE = YES;
				CLANG_WARN__DUPLICATE_METHOD_MATCH = YES;
				COPY_PHASE_STRIP = NO;
				DEBUG_INFORMATION_FORMAT = dwarf;
				ENABLE_STRICT_OBJC_MSGSEND = YES;
				ENABLE_TESTABILITY = YES;
				GCC_C_LANGUAGE_STANDARD = gnu99;
				GCC_DYNAMIC_NO_PIC = NO;
				GCC_NO_COMMON_BLOCKS = YES;
				GCC_OPTIMIZATION_LEVEL = 0;
				GCC_PREPROCESSOR_DEFINITIONS = (
					"DEBUG=1",
					"$(inherited)",
				);
				GCC_WARN_64_TO_32_BIT_CONVERSION = YES;
				GCC_WARN_ABOUT_RETURN_TYPE = YES_ERROR;
				GCC_WARN_UNDECLARED_SELECTOR = YES;
				GCC_WARN_UNINITIALIZED_AUTOS = YES_AGGRESSIVE;
				GCC_WARN_UNUSED_FUNCTION = YES;
				GCC_WARN_UNUSED_VARIABLE = YES;
				MACOSX_DEPLOYMENT_TARGET = 10.11;
				MTL_ENABLE_DEBUG_INFO = YES;
				ONLY_ACTIVE_ARCH = YES;
				SDKROOT = macosx;
			};
			name = Debug;
		};
		D15503341BBE3E480068AEA5 /* Release */ = {
			isa = XCBuildConfiguration;
			buildSettings = {
				ALWAYS_SEARCH_USER_PATHS = NO;
				CLANG_CXX_LANGUAGE_STANDARD = "gnu++0x";
				CLANG_CXX_LIBRARY = "libc++";
				CLANG_ENABLE_MODULES = YES;
				CLANG_ENABLE_OBJC_ARC = YES;
				CLANG_WARN_BOOL_CONVERSION = YES;
				CLANG_WARN_CONSTANT_CONVERSION = YES;
				CLANG_WARN_DIRECT_OBJC_ISA_USAGE = YES_ERROR;
				CLANG_WARN_EMPTY_BODY = YES;
				CLANG_WARN_ENUM_CONVERSION = YES;
				CLANG_WARN_INT_CONVERSION = YES;
				CLANG_WARN_OBJC_ROOT_CLASS = YES_ERROR;
				CLANG_WARN_UNREACHABLE_CODE = YES;
				CLANG_WARN__DUPLICATE_METHOD_MATCH = YES;
				COPY_PHASE_STRIP = NO;
				DEBUG_INFORMATION_FORMAT = "dwarf-with-dsym";
				ENABLE_NS_ASSERTIONS = NO;
				ENABLE_STRICT_OBJC_MSGSEND = YES;
				GCC_C_LANGUAGE_STANDARD = gnu99;
				GCC_NO_COMMON_BLOCKS = YES;
				GCC_WARN_64_TO_32_BIT_CONVERSION = YES;
				GCC_WARN_ABOUT_RETURN_TYPE = YES_ERROR;
				GCC_WARN_UNDECLARED_SELECTOR = YES;
				GCC_WARN_UNINITIALIZED_AUTOS = YES_AGGRESSIVE;
				GCC_WARN_UNUSED_FUNCTION = YES;
				GCC_WARN_UNUSED_VARIABLE = YES;
				MACOSX_DEPLOYMENT_TARGET = 10.11;
				MTL_ENABLE_DEBUG_INFO = NO;
				SDKROOT = macosx;
			};
			name = Release;
		};
		D15503361BBE3E480068AEA5 /* Debug */ = {
			isa = XCBuildConfiguration;
			buildSettings = {
				"HEADER_SEARCH_PATHS[arch=*]" = "$(PROJECT_DIR)/include";
				LIBRARY_SEARCH_PATHS = (
					"$(inherited)",
					"$(PROJECT_DIR)/lib",
				);
				PRODUCT_NAME = Triangles;
			};
			name = Debug;
		};
		D15503371BBE3E480068AEA5 /* Release */ = {
			isa = XCBuildConfiguration;
			buildSettings = {
				LIBRARY_SEARCH_PATHS = (
					"$(inherited)",
					"$(PROJECT_DIR)/lib",
				);
				PRODUCT_NAME = Triangles;
			};
			name = Release;
		};
/* End XCBuildConfiguration section */

/* Begin XCConfigurationList section */
		D15503291BBE3E480068AEA5 /* Build configuration list for PBXProject "Triangles" */ = {
			isa = XCConfigurationList;
			buildConfigurations = (
				D15503331BBE3E480068AEA5 /* Debug */,
				D15503341BBE3E480068AEA5 /* Release */,
			);
			defaultConfigurationIsVisible = 0;
			defaultConfigurationName = Release;
		};
		D15503351BBE3E480068AEA5 /* Build configuration list for PBXNativeTarget "Triangles" */ = {
			isa = XCConfigurationList;
			buildConfigurations = (
				D15503361BBE3E480068AEA5 /* Debug */,
				D15503371BBE3E480068AEA5 /* Release */,
			);
			defaultConfigurationIsVisible = 0;
			defaultConfigurationName = Release;
		};
/* End XCConfigurationList section */
	};
	rootObject = D15503261BBE3E480068AEA5 /* Project object */;
}
